// !$*UTF8*$!
{
	archiveVersion = 1;
	classes = {
	};
	objectVersion = 56;
	objects = {

/* Begin PBXBuildFile section */
		37C0DDA62D40F56D00DDB4A5 /* AppDelegate.swift in Sources */ = {isa = PBXBuildFile; fileRef = 37C0DDA52D40F56D00DDB4A5 /* AppDelegate.swift */; };
		37C0DDA82D40F56D00DDB4A5 /* SceneDelegate.swift in Sources */ = {isa = PBXBuildFile; fileRef = 37C0DDA72D40F56D00DDB4A5 /* SceneDelegate.swift */; };
		37C0DDAA2D40F56D00DDB4A5 /* ViewController.swift in Sources */ = {isa = PBXBuildFile; fileRef = 37C0DDA92D40F56D00DDB4A5 /* ViewController.swift */; };
		37C0DDAD2D40F56D00DDB4A5 /* Base in Resources */ = {isa = PBXBuildFile; fileRef = 37C0DDAC2D40F56D00DDB4A5 /* Base */; };
		37C0DDAF2D40F56E00DDB4A5 /* Assets.xcassets in Resources */ = {isa = PBXBuildFile; fileRef = 37C0DDAE2D40F56E00DDB4A5 /* Assets.xcassets */; };
		37C0DDB22D40F56E00DDB4A5 /* Base in Resources */ = {isa = PBXBuildFile; fileRef = 37C0DDB12D40F56E00DDB4A5 /* Base */; };
		37C0DDBE2D40FCC400DDB4A5 /* PeopleViewController.swift in Sources */ = {isa = PBXBuildFile; fileRef = 37C0DDBD2D40FCC400DDB4A5 /* PeopleViewController.swift */; };
		37C0DDC02D4109C500DDB4A5 /* StartViewController.swift in Sources */ = {isa = PBXBuildFile; fileRef = 37C0DDBF2D4109C500DDB4A5 /* StartViewController.swift */; };
		37C0DDC22D410C7400DDB4A5 /* WrittingViewController.swift in Sources */ = {isa = PBXBuildFile; fileRef = 37C0DDC12D410C7400DDB4A5 /* WrittingViewController.swift */; };
		37C0DDC42D4F69F300DDB4A5 /* CustomTableViewCell.swift in Sources */ = {isa = PBXBuildFile; fileRef = 37C0DDC32D4F69F300DDB4A5 /* CustomTableViewCell.swift */; };
		37C0DDC92D5266F700DDB4A5 /* PeopleCustomTableViewCell.swift in Sources */ = {isa = PBXBuildFile; fileRef = 37C0DDC72D5266F700DDB4A5 /* PeopleCustomTableViewCell.swift */; };
		37C0DDCA2D5266F700DDB4A5 /* PeopleCustomTableViewCell.xib in Resources */ = {isa = PBXBuildFile; fileRef = 37C0DDC82D5266F700DDB4A5 /* PeopleCustomTableViewCell.xib */; };
/* End PBXBuildFile section */

/* Begin PBXFileReference section */
		37C0DDA22D40F56D00DDB4A5 /* TellTale.app */ = {isa = PBXFileReference; explicitFileType = wrapper.application; includeInIndex = 0; path = TellTale.app; sourceTree = BUILT_PRODUCTS_DIR; };
		37C0DDA52D40F56D00DDB4A5 /* AppDelegate.swift */ = {isa = PBXFileReference; lastKnownFileType = sourcecode.swift; path = AppDelegate.swift; sourceTree = "<group>"; };
		37C0DDA72D40F56D00DDB4A5 /* SceneDelegate.swift */ = {isa = PBXFileReference; lastKnownFileType = sourcecode.swift; path = SceneDelegate.swift; sourceTree = "<group>"; };
		37C0DDA92D40F56D00DDB4A5 /* ViewController.swift */ = {isa = PBXFileReference; lastKnownFileType = sourcecode.swift; path = ViewController.swift; sourceTree = "<group>"; };
		37C0DDAC2D40F56D00DDB4A5 /* Base */ = {isa = PBXFileReference; lastKnownFileType = file.storyboard; name = Base; path = Base.lproj/Main.storyboard; sourceTree = "<group>"; };
		37C0DDAE2D40F56E00DDB4A5 /* Assets.xcassets */ = {isa = PBXFileReference; lastKnownFileType = folder.assetcatalog; path = Assets.xcassets; sourceTree = "<group>"; };
		37C0DDB12D40F56E00DDB4A5 /* Base */ = {isa = PBXFileReference; lastKnownFileType = file.storyboard; name = Base; path = Base.lproj/LaunchScreen.storyboard; sourceTree = "<group>"; };
		37C0DDB32D40F56E00DDB4A5 /* Info.plist */ = {isa = PBXFileReference; lastKnownFileType = text.plist.xml; path = Info.plist; sourceTree = "<group>"; };
		37C0DDBD2D40FCC400DDB4A5 /* PeopleViewController.swift */ = {isa = PBXFileReference; lastKnownFileType = sourcecode.swift; path = PeopleViewController.swift; sourceTree = "<group>"; };
		37C0DDBF2D4109C500DDB4A5 /* StartViewController.swift */ = {isa = PBXFileReference; lastKnownFileType = sourcecode.swift; path = StartViewController.swift; sourceTree = "<group>"; };
		37C0DDC12D410C7400DDB4A5 /* WrittingViewController.swift */ = {isa = PBXFileReference; lastKnownFileType = sourcecode.swift; path = WrittingViewController.swift; sourceTree = "<group>"; };
		37C0DDC32D4F69F300DDB4A5 /* CustomTableViewCell.swift */ = {isa = PBXFileReference; lastKnownFileType = sourcecode.swift; path = CustomTableViewCell.swift; sourceTree = "<group>"; };
		37C0DDC72D5266F700DDB4A5 /* PeopleCustomTableViewCell.swift */ = {isa = PBXFileReference; lastKnownFileType = sourcecode.swift; path = PeopleCustomTableViewCell.swift; sourceTree = "<group>"; };
		37C0DDC82D5266F700DDB4A5 /* PeopleCustomTableViewCell.xib */ = {isa = PBXFileReference; lastKnownFileType = file.xib; path = PeopleCustomTableViewCell.xib; sourceTree = "<group>"; };
/* End PBXFileReference section */

/* Begin PBXFrameworksBuildPhase section */
		37C0DD9F2D40F56D00DDB4A5 /* Frameworks */ = {
			isa = PBXFrameworksBuildPhase;
			buildActionMask = 2147483647;
			files = (
			);
			runOnlyForDeploymentPostprocessing = 0;
		};
/* End PBXFrameworksBuildPhase section */

/* Begin PBXGroup section */
		37C0DD992D40F56D00DDB4A5 = {
			isa = PBXGroup;
			children = (
				37C0DDA42D40F56D00DDB4A5 /* TellTale */,
				37C0DDA32D40F56D00DDB4A5 /* Products */,
			);
			sourceTree = "<group>";
		};
		37C0DDA32D40F56D00DDB4A5 /* Products */ = {
			isa = PBXGroup;
			children = (
				37C0DDA22D40F56D00DDB4A5 /* TellTale.app */,
			);
			name = Products;
			sourceTree = "<group>";
		};
		37C0DDA42D40F56D00DDB4A5 /* TellTale */ = {
			isa = PBXGroup;
			children = (
				37C0DDA52D40F56D00DDB4A5 /* AppDelegate.swift */,
				37C0DDA72D40F56D00DDB4A5 /* SceneDelegate.swift */,
				37C0DDA92D40F56D00DDB4A5 /* ViewController.swift */,
				37C0DDAB2D40F56D00DDB4A5 /* Main.storyboard */,
				37C0DDAE2D40F56E00DDB4A5 /* Assets.xcassets */,
				37C0DDB02D40F56E00DDB4A5 /* LaunchScreen.storyboard */,
				37C0DDB32D40F56E00DDB4A5 /* Info.plist */,
				37C0DDBD2D40FCC400DDB4A5 /* PeopleViewController.swift */,
				37C0DDBF2D4109C500DDB4A5 /* StartViewController.swift */,
				37C0DDC12D410C7400DDB4A5 /* WrittingViewController.swift */,
				37C0DDC32D4F69F300DDB4A5 /* CustomTableViewCell.swift */,
				37C0DDC72D5266F700DDB4A5 /* PeopleCustomTableViewCell.swift */,
				37C0DDC82D5266F700DDB4A5 /* PeopleCustomTableViewCell.xib */,
			);
			path = TellTale;
			sourceTree = "<group>";
		};
/* End PBXGroup section */

/* Begin PBXNativeTarget section */
		37C0DDA12D40F56D00DDB4A5 /* TellTale */ = {
			isa = PBXNativeTarget;
			buildConfigurationList = 37C0DDB62D40F56E00DDB4A5 /* Build configuration list for PBXNativeTarget "TellTale" */;
			buildPhases = (
				37C0DD9E2D40F56D00DDB4A5 /* Sources */,
				37C0DD9F2D40F56D00DDB4A5 /* Frameworks */,
				37C0DDA02D40F56D00DDB4A5 /* Resources */,
			);
			buildRules = (
			);
			dependencies = (
			);
			name = TellTale;
			productName = TellTale;
			productReference = 37C0DDA22D40F56D00DDB4A5 /* TellTale.app */;
			productType = "com.apple.product-type.application";
		};
/* End PBXNativeTarget section */

/* Begin PBXProject section */
		37C0DD9A2D40F56D00DDB4A5 /* Project object */ = {
			isa = PBXProject;
			attributes = {
				BuildIndependentTargetsInParallel = 1;
				LastSwiftUpdateCheck = 1530;
				LastUpgradeCheck = 1530;
				TargetAttributes = {
					37C0DDA12D40F56D00DDB4A5 = {
						CreatedOnToolsVersion = 15.3;
					};
				};
			};
			buildConfigurationList = 37C0DD9D2D40F56D00DDB4A5 /* Build configuration list for PBXProject "TellTale" */;
			compatibilityVersion = "Xcode 14.0";
			developmentRegion = en;
			hasScannedForEncodings = 0;
			knownRegions = (
				en,
				Base,
			);
			mainGroup = 37C0DD992D40F56D00DDB4A5;
			productRefGroup = 37C0DDA32D40F56D00DDB4A5 /* Products */;
			projectDirPath = "";
			projectRoot = "";
			targets = (
				37C0DDA12D40F56D00DDB4A5 /* TellTale */,
			);
		};
/* End PBXProject section */

/* Begin PBXResourcesBuildPhase section */
		37C0DDA02D40F56D00DDB4A5 /* Resources */ = {
			isa = PBXResourcesBuildPhase;
			buildActionMask = 2147483647;
			files = (
				37C0DDAF2D40F56E00DDB4A5 /* Assets.xcassets in Resources */,
				37C0DDCA2D5266F700DDB4A5 /* PeopleCustomTableViewCell.xib in Resources */,
				37C0DDB22D40F56E00DDB4A5 /* Base in Resources */,
				37C0DDAD2D40F56D00DDB4A5 /* Base in Resources */,
			);
			runOnlyForDeploymentPostprocessing = 0;
		};
/* End PBXResourcesBuildPhase section */

/* Begin PBXSourcesBuildPhase section */
		37C0DD9E2D40F56D00DDB4A5 /* Sources */ = {
			isa = PBXSourcesBuildPhase;
			buildActionMask = 2147483647;
			files = (
				37C0DDC22D410C7400DDB4A5 /* WrittingViewController.swift in Sources */,
				37C0DDC02D4109C500DDB4A5 /* StartViewController.swift in Sources */,
				37C0DDAA2D40F56D00DDB4A5 /* ViewController.swift in Sources */,
				37C0DDC42D4F69F300DDB4A5 /* CustomTableViewCell.swift in Sources */,
				37C0DDBE2D40FCC400DDB4A5 /* PeopleViewController.swift in Sources */,
				37C0DDC92D5266F700DDB4A5 /* PeopleCustomTableViewCell.swift in Sources */,
				37C0DDA62D40F56D00DDB4A5 /* AppDelegate.swift in Sources */,
				37C0DDA82D40F56D00DDB4A5 /* SceneDelegate.swift in Sources */,
			);
			runOnlyForDeploymentPostprocessing = 0;
		};
/* End PBXSourcesBuildPhase section */

/* Begin PBXVariantGroup section */
		37C0DDAB2D40F56D00DDB4A5 /* Main.storyboard */ = {
			isa = PBXVariantGroup;
			children = (
				37C0DDAC2D40F56D00DDB4A5 /* Base */,
			);
			name = Main.storyboard;
			sourceTree = "<group>";
		};
		37C0DDB02D40F56E00DDB4A5 /* LaunchScreen.storyboard */ = {
			isa = PBXVariantGroup;
			children = (
				37C0DDB12D40F56E00DDB4A5 /* Base */,
			);
			name = LaunchScreen.storyboard;
			sourceTree = "<group>";
		};
/* End PBXVariantGroup section */

/* Begin XCBuildConfiguration section */
		37C0DDB42D40F56E00DDB4A5 /* Debug */ = {
			isa = XCBuildConfiguration;
			buildSettings = {
				ALWAYS_SEARCH_USER_PATHS = NO;
				ASSETCATALOG_COMPILER_GENERATE_SWIFT_ASSET_SYMBOL_EXTENSIONS = YES;
				CLANG_ANALYZER_NONNULL = YES;
				CLANG_ANALYZER_NUMBER_OBJECT_CONVERSION = YES_AGGRESSIVE;
				CLANG_CXX_LANGUAGE_STANDARD = "gnu++20";
				CLANG_ENABLE_MODULES = YES;
				CLANG_ENABLE_OBJC_ARC = YES;
				CLANG_ENABLE_OBJC_WEAK = YES;
				CLANG_WARN_BLOCK_CAPTURE_AUTORELEASING = YES;
				CLANG_WARN_BOOL_CONVERSION = YES;
				CLANG_WARN_COMMA = YES;
				CLANG_WARN_CONSTANT_CONVERSION = YES;
				CLANG_WARN_DEPRECATED_OBJC_IMPLEMENTATIONS = YES;
				CLANG_WARN_DIRECT_OBJC_ISA_USAGE = YES_ERROR;
				CLANG_WARN_DOCUMENTATION_COMMENTS = YES;
				CLANG_WARN_EMPTY_BODY = YES;
				CLANG_WARN_ENUM_CONVERSION = YES;
				CLANG_WARN_INFINITE_RECURSION = YES;
				CLANG_WARN_INT_CONVERSION = YES;
				CLANG_WARN_NON_LITERAL_NULL_CONVERSION = YES;
				CLANG_WARN_OBJC_IMPLICIT_RETAIN_SELF = YES;
				CLANG_WARN_OBJC_LITERAL_CONVERSION = YES;
				CLANG_WARN_OBJC_ROOT_CLASS = YES_ERROR;
				CLANG_WARN_QUOTED_INCLUDE_IN_FRAMEWORK_HEADER = YES;
				CLANG_WARN_RANGE_LOOP_ANALYSIS = YES;
				CLANG_WARN_STRICT_PROTOTYPES = YES;
				CLANG_WARN_SUSPICIOUS_MOVE = YES;
				CLANG_WARN_UNGUARDED_AVAILABILITY = YES_AGGRESSIVE;
				CLANG_WARN_UNREACHABLE_CODE = YES;
				CLANG_WARN__DUPLICATE_METHOD_MATCH = YES;
				COPY_PHASE_STRIP = NO;
				DEBUG_INFORMATION_FORMAT = dwarf;
				ENABLE_STRICT_OBJC_MSGSEND = YES;
				ENABLE_TESTABILITY = YES;
				ENABLE_USER_SCRIPT_SANDBOXING = YES;
				GCC_C_LANGUAGE_STANDARD = gnu17;
				GCC_DYNAMIC_NO_PIC = NO;
				GCC_NO_COMMON_BLOCKS = YES;
				GCC_OPTIMIZATION_LEVEL = 0;
				GCC_PREPROCESSOR_DEFINITIONS = (
					"DEBUG=1",
					"$(inherited)",
				);
				GCC_WARN_64_TO_32_BIT_CONVERSION = YES;
				GCC_WARN_ABOUT_RETURN_TYPE = YES_ERROR;
				GCC_WARN_UNDECLARED_SELECTOR = YES;
				GCC_WARN_UNINITIALIZED_AUTOS = YES_AGGRESSIVE;
				GCC_WARN_UNUSED_FUNCTION = YES;
				GCC_WARN_UNUSED_VARIABLE = YES;
				IPHONEOS_DEPLOYMENT_TARGET = 17.4;
				LOCALIZATION_PREFERS_STRING_CATALOGS = YES;
				MTL_ENABLE_DEBUG_INFO = INCLUDE_SOURCE;
				MTL_FAST_MATH = YES;
				ONLY_ACTIVE_ARCH = YES;
				SDKROOT = iphoneos;
				SWIFT_ACTIVE_COMPILATION_CONDITIONS = "DEBUG $(inherited)";
				SWIFT_OPTIMIZATION_LEVEL = "-Onone";
			};
			name = Debug;
		};
		37C0DDB52D40F56E00DDB4A5 /* Release */ = {
			isa = XCBuildConfiguration;
			buildSettings = {
				ALWAYS_SEARCH_USER_PATHS = NO;
				ASSETCATALOG_COMPILER_GENERATE_SWIFT_ASSET_SYMBOL_EXTENSIONS = YES;
				CLANG_ANALYZER_NONNULL = YES;
				CLANG_ANALYZER_NUMBER_OBJECT_CONVERSION = YES_AGGRESSIVE;
				CLANG_CXX_LANGUAGE_STANDARD = "gnu++20";
				CLANG_ENABLE_MODULES = YES;
				CLANG_ENABLE_OBJC_ARC = YES;
				CLANG_ENABLE_OBJC_WEAK = YES;
				CLANG_WARN_BLOCK_CAPTURE_AUTORELEASING = YES;
				CLANG_WARN_BOOL_CONVERSION = YES;
				CLANG_WARN_COMMA = YES;
				CLANG_WARN_CONSTANT_CONVERSION = YES;
				CLANG_WARN_DEPRECATED_OBJC_IMPLEMENTATIONS = YES;
				CLANG_WARN_DIRECT_OBJC_ISA_USAGE = YES_ERROR;
				CLANG_WARN_DOCUMENTATION_COMMENTS = YES;
				CLANG_WARN_EMPTY_BODY = YES;
				CLANG_WARN_ENUM_CONVERSION = YES;
				CLANG_WARN_INFINITE_RECURSION = YES;
				CLANG_WARN_INT_CONVERSION = YES;
				CLANG_WARN_NON_LITERAL_NULL_CONVERSION = YES;
				CLANG_WARN_OBJC_IMPLICIT_RETAIN_SELF = YES;
				CLANG_WARN_OBJC_LITERAL_CONVERSION = YES;
				CLANG_WARN_OBJC_ROOT_CLASS = YES_ERROR;
				CLANG_WARN_QUOTED_INCLUDE_IN_FRAMEWORK_HEADER = YES;
				CLANG_WARN_RANGE_LOOP_ANALYSIS = YES;
				CLANG_WARN_STRICT_PROTOTYPES = YES;
				CLANG_WARN_SUSPICIOUS_MOVE = YES;
				CLANG_WARN_UNGUARDED_AVAILABILITY = YES_AGGRESSIVE;
				CLANG_WARN_UNREACHABLE_CODE = YES;
				CLANG_WARN__DUPLICATE_METHOD_MATCH = YES;
				COPY_PHASE_STRIP = NO;
				DEBUG_INFORMATION_FORMAT = "dwarf-with-dsym";
				ENABLE_NS_ASSERTIONS = NO;
				ENABLE_STRICT_OBJC_MSGSEND = YES;
				ENABLE_USER_SCRIPT_SANDBOXING = YES;
				GCC_C_LANGUAGE_STANDARD = gnu17;
				GCC_NO_COMMON_BLOCKS = YES;
				GCC_WARN_64_TO_32_BIT_CONVERSION = YES;
				GCC_WARN_ABOUT_RETURN_TYPE = YES_ERROR;
				GCC_WARN_UNDECLARED_SELECTOR = YES;
				GCC_WARN_UNINITIALIZED_AUTOS = YES_AGGRESSIVE;
				GCC_WARN_UNUSED_FUNCTION = YES;
				GCC_WARN_UNUSED_VARIABLE = YES;
				IPHONEOS_DEPLOYMENT_TARGET = 17.4;
				LOCALIZATION_PREFERS_STRING_CATALOGS = YES;
				MTL_ENABLE_DEBUG_INFO = NO;
				MTL_FAST_MATH = YES;
				SDKROOT = iphoneos;
				SWIFT_COMPILATION_MODE = wholemodule;
				VALIDATE_PRODUCT = YES;
			};
			name = Release;
		};
		37C0DDB72D40F56E00DDB4A5 /* Debug */ = {
			isa = XCBuildConfiguration;
			buildSettings = {
				ASSETCATALOG_COMPILER_APPICON_NAME = AppIcon;
				ASSETCATALOG_COMPILER_GLOBAL_ACCENT_COLOR_NAME = AccentColor;
				CODE_SIGN_STYLE = Automatic;
				CURRENT_PROJECT_VERSION = 1;
				GENERATE_INFOPLIST_FILE = YES;
				INFOPLIST_FILE = TellTale/Info.plist;
				INFOPLIST_KEY_UIApplicationSupportsIndirectInputEvents = YES;
				INFOPLIST_KEY_UILaunchStoryboardName = LaunchScreen;
				INFOPLIST_KEY_UIMainStoryboardFile = Main;
				INFOPLIST_KEY_UISupportedInterfaceOrientations_iPad = "UIInterfaceOrientationPortrait UIInterfaceOrientationPortraitUpsideDown UIInterfaceOrientationLandscapeLeft UIInterfaceOrientationLandscapeRight";
				INFOPLIST_KEY_UISupportedInterfaceOrientations_iPhone = "UIInterfaceOrientationPortrait UIInterfaceOrientationLandscapeLeft UIInterfaceOrientationLandscapeRight";
				LD_RUNPATH_SEARCH_PATHS = (
					"$(inherited)",
					"@executable_path/Frameworks",
				);
				MARKETING_VERSION = 1.0;
				PRODUCT_BUNDLE_IDENTIFIER = app.nakade.rei.TellTale;
				PRODUCT_NAME = "$(TARGET_NAME)";
				SWIFT_EMIT_LOC_STRINGS = YES;
				SWIFT_VERSION = 5.0;
				TARGETED_DEVICE_FAMILY = "1,2";
			};
			name = Debug;
		};
		37C0DDB82D40F56E00DDB4A5 /* Release */ = {
			isa = XCBuildConfiguration;
			buildSettings = {
				ASSETCATALOG_COMPILER_APPICON_NAME = AppIcon;
				ASSETCATALOG_COMPILER_GLOBAL_ACCENT_COLOR_NAME = AccentColor;
				CODE_SIGN_STYLE = Automatic;
				CURRENT_PROJECT_VERSION = 1;
				GENERATE_INFOPLIST_FILE = YES;
				INFOPLIST_FILE = TellTale/Info.plist;
				INFOPLIST_KEY_UIApplicationSupportsIndirectInputEvents = YES;
				INFOPLIST_KEY_UILaunchStoryboardName = LaunchScreen;
				INFOPLIST_KEY_UIMainStoryboardFile = Main;
				INFOPLIST_KEY_UISupportedInterfaceOrientations_iPad = "UIInterfaceOrientationPortrait UIInterfaceOrientationPortraitUpsideDown UIInterfaceOrientationLandscapeLeft UIInterfaceOrientationLandscapeRight";
				INFOPLIST_KEY_UISupportedInterfaceOrientations_iPhone = "UIInterfaceOrientationPortrait UIInterfaceOrientationLandscapeLeft UIInterfaceOrientationLandscapeRight";
				LD_RUNPATH_SEARCH_PATHS = (
					"$(inherited)",
					"@executable_path/Frameworks",
				);
				MARKETING_VERSION = 1.0;
				PRODUCT_BUNDLE_IDENTIFIER = app.nakade.rei.TellTale;
				PRODUCT_NAME = "$(TARGET_NAME)";
				SWIFT_EMIT_LOC_STRINGS = YES;
				SWIFT_VERSION = 5.0;
				TARGETED_DEVICE_FAMILY = "1,2";
			};
			name = Release;
		};
/* End XCBuildConfiguration section */

/* Begin XCConfigurationList section */
		37C0DD9D2D40F56D00DDB4A5 /* Build configuration list for PBXProject "TellTale" */ = {
			isa = XCConfigurationList;
			buildConfigurations = (
				37C0DDB42D40F56E00DDB4A5 /* Debug */,
				37C0DDB52D40F56E00DDB4A5 /* Release */,
			);
			defaultConfigurationIsVisible = 0;
			defaultConfigurationName = Release;
		};
		37C0DDB62D40F56E00DDB4A5 /* Build configuration list for PBXNativeTarget "TellTale" */ = {
			isa = XCConfigurationList;
			buildConfigurations = (
				37C0DDB72D40F56E00DDB4A5 /* Debug */,
				37C0DDB82D40F56E00DDB4A5 /* Release */,
			);
			defaultConfigurationIsVisible = 0;
			defaultConfigurationName = Release;
		};
/* End XCConfigurationList section */
	};
	rootObject = 37C0DD9A2D40F56D00DDB4A5 /* Project object */;
}
